// !$*UTF8*$!
{
	archiveVersion = 1;
	classes = {
	};
	objectVersion = 46;
	objects = {

/* Begin PBXBuildFile section */
		3F3528A2196B2BDC006E10C6 /* Cocoa.framework in Frameworks */ = {isa = PBXBuildFile; fileRef = 3F3528A1196B2BDC006E10C6 /* Cocoa.framework */; };
		3F3528AC196B2BDC006E10C6 /* InfoPlist.strings in Resources */ = {isa = PBXBuildFile; fileRef = 3F3528AA196B2BDC006E10C6 /* InfoPlist.strings */; };
		3F3528B0196B2BDC006E10C6 /* VerdigrisCocoaGlue.m in Sources */ = {isa = PBXBuildFile; fileRef = 3F3528AF196B2BDC006E10C6 /* VerdigrisCocoaGlue.m */; };
		3F3528B7196B2BDC006E10C6 /* XCTest.framework in Frameworks */ = {isa = PBXBuildFile; fileRef = 3F3528B6196B2BDC006E10C6 /* XCTest.framework */; };
		3F3528B8196B2BDC006E10C6 /* Cocoa.framework in Frameworks */ = {isa = PBXBuildFile; fileRef = 3F3528A1196B2BDC006E10C6 /* Cocoa.framework */; };
		3F3528BB196B2BDC006E10C6 /* VerdigrisCocoaGlue.framework in Frameworks */ = {isa = PBXBuildFile; fileRef = 3F35289E196B2BDC006E10C6 /* VerdigrisCocoaGlue.framework */; };
		3F3528C1196B2BDC006E10C6 /* InfoPlist.strings in Resources */ = {isa = PBXBuildFile; fileRef = 3F3528BF196B2BDC006E10C6 /* InfoPlist.strings */; };
		3F3528C3196B2BDC006E10C6 /* VerdigrisCocoaGlueTests.m in Sources */ = {isa = PBXBuildFile; fileRef = 3F3528C2196B2BDC006E10C6 /* VerdigrisCocoaGlueTests.m */; };
		3F3528CE196B2C71006E10C6 /* VEWindow.h in Headers */ = {isa = PBXBuildFile; fileRef = 3F3528CC196B2C71006E10C6 /* VEWindow.h */; };
		3F3528CF196B2C71006E10C6 /* VEWindow.m in Sources */ = {isa = PBXBuildFile; fileRef = 3F3528CD196B2C71006E10C6 /* VEWindow.m */; };
		3F3528D2196B364F006E10C6 /* VEWindowHandler.h in Headers */ = {isa = PBXBuildFile; fileRef = 3F3528D0196B364F006E10C6 /* VEWindowHandler.h */; };
		3F3528D3196B364F006E10C6 /* VEWindowHandler.m in Sources */ = {isa = PBXBuildFile; fileRef = 3F3528D1196B364F006E10C6 /* VEWindowHandler.m */; };
/* End PBXBuildFile section */

/* Begin PBXContainerItemProxy section */
		3F3528B9196B2BDC006E10C6 /* PBXContainerItemProxy */ = {
			isa = PBXContainerItemProxy;
			containerPortal = 3F352895196B2BDC006E10C6 /* Project object */;
			proxyType = 1;
			remoteGlobalIDString = 3F35289D196B2BDC006E10C6;
			remoteInfo = VerdigrisCocoaGlue;
		};
/* End PBXContainerItemProxy section */

/* Begin PBXFileReference section */
		3F35289E196B2BDC006E10C6 /* VerdigrisCocoaGlue.framework */ = {isa = PBXFileReference; explicitFileType = wrapper.framework; includeInIndex = 0; path = VerdigrisCocoaGlue.framework; sourceTree = BUILT_PRODUCTS_DIR; };
		3F3528A1196B2BDC006E10C6 /* Cocoa.framework */ = {isa = PBXFileReference; lastKnownFileType = wrapper.framework; name = Cocoa.framework; path = System/Library/Frameworks/Cocoa.framework; sourceTree = SDKROOT; };
		3F3528A4196B2BDC006E10C6 /* Foundation.framework */ = {isa = PBXFileReference; lastKnownFileType = wrapper.framework; name = Foundation.framework; path = System/Library/Frameworks/Foundation.framework; sourceTree = SDKROOT; };
		3F3528A5196B2BDC006E10C6 /* CoreData.framework */ = {isa = PBXFileReference; lastKnownFileType = wrapper.framework; name = CoreData.framework; path = System/Library/Frameworks/CoreData.framework; sourceTree = SDKROOT; };
		3F3528A6196B2BDC006E10C6 /* AppKit.framework */ = {isa = PBXFileReference; lastKnownFileType = wrapper.framework; name = AppKit.framework; path = System/Library/Frameworks/AppKit.framework; sourceTree = SDKROOT; };
		3F3528A9196B2BDC006E10C6 /* VerdigrisCocoaGlue-Info.plist */ = {isa = PBXFileReference; lastKnownFileType = text.plist.xml; path = "VerdigrisCocoaGlue-Info.plist"; sourceTree = "<group>"; };
		3F3528AB196B2BDC006E10C6 /* en */ = {isa = PBXFileReference; lastKnownFileType = text.plist.strings; name = en; path = en.lproj/InfoPlist.strings; sourceTree = "<group>"; };
		3F3528AD196B2BDC006E10C6 /* VerdigrisCocoaGlue-Prefix.pch */ = {isa = PBXFileReference; lastKnownFileType = sourcecode.c.h; path = "VerdigrisCocoaGlue-Prefix.pch"; sourceTree = "<group>"; };
		3F3528AE196B2BDC006E10C6 /* VerdigrisCocoaGlue.h */ = {isa = PBXFileReference; lastKnownFileType = sourcecode.c.h; path = VerdigrisCocoaGlue.h; sourceTree = "<group>"; };
		3F3528AF196B2BDC006E10C6 /* VerdigrisCocoaGlue.m */ = {isa = PBXFileReference; lastKnownFileType = sourcecode.c.objc; path = VerdigrisCocoaGlue.m; sourceTree = "<group>"; };
		3F3528B5196B2BDC006E10C6 /* VerdigrisCocoaGlueTests.xctest */ = {isa = PBXFileReference; explicitFileType = wrapper.cfbundle; includeInIndex = 0; path = VerdigrisCocoaGlueTests.xctest; sourceTree = BUILT_PRODUCTS_DIR; };
		3F3528B6196B2BDC006E10C6 /* XCTest.framework */ = {isa = PBXFileReference; lastKnownFileType = wrapper.framework; name = XCTest.framework; path = Library/Frameworks/XCTest.framework; sourceTree = DEVELOPER_DIR; };
		3F3528BE196B2BDC006E10C6 /* VerdigrisCocoaGlueTests-Info.plist */ = {isa = PBXFileReference; lastKnownFileType = text.plist.xml; path = "VerdigrisCocoaGlueTests-Info.plist"; sourceTree = "<group>"; };
		3F3528C0196B2BDC006E10C6 /* en */ = {isa = PBXFileReference; lastKnownFileType = text.plist.strings; name = en; path = en.lproj/InfoPlist.strings; sourceTree = "<group>"; };
		3F3528C2196B2BDC006E10C6 /* VerdigrisCocoaGlueTests.m */ = {isa = PBXFileReference; lastKnownFileType = sourcecode.c.objc; path = VerdigrisCocoaGlueTests.m; sourceTree = "<group>"; };
		3F3528CC196B2C71006E10C6 /* VEWindow.h */ = {isa = PBXFileReference; fileEncoding = 4; lastKnownFileType = sourcecode.c.h; path = VEWindow.h; sourceTree = "<group>"; };
		3F3528CD196B2C71006E10C6 /* VEWindow.m */ = {isa = PBXFileReference; fileEncoding = 4; lastKnownFileType = sourcecode.c.objc; path = VEWindow.m; sourceTree = "<group>"; };
		3F3528D0196B364F006E10C6 /* VEWindowHandler.h */ = {isa = PBXFileReference; fileEncoding = 4; lastKnownFileType = sourcecode.c.h; path = VEWindowHandler.h; sourceTree = "<group>"; };
		3F3528D1196B364F006E10C6 /* VEWindowHandler.m */ = {isa = PBXFileReference; fileEncoding = 4; lastKnownFileType = sourcecode.c.objc; path = VEWindowHandler.m; sourceTree = "<group>"; };
/* End PBXFileReference section */

/* Begin PBXFrameworksBuildPhase section */
		3F35289A196B2BDC006E10C6 /* Frameworks */ = {
			isa = PBXFrameworksBuildPhase;
			buildActionMask = 2147483647;
			files = (
				3F3528A2196B2BDC006E10C6 /* Cocoa.framework in Frameworks */,
			);
			runOnlyForDeploymentPostprocessing = 0;
		};
		3F3528B2196B2BDC006E10C6 /* Frameworks */ = {
			isa = PBXFrameworksBuildPhase;
			buildActionMask = 2147483647;
			files = (
				3F3528B8196B2BDC006E10C6 /* Cocoa.framework in Frameworks */,
				3F3528BB196B2BDC006E10C6 /* VerdigrisCocoaGlue.framework in Frameworks */,
				3F3528B7196B2BDC006E10C6 /* XCTest.framework in Frameworks */,
			);
			runOnlyForDeploymentPostprocessing = 0;
		};
/* End PBXFrameworksBuildPhase section */

/* Begin PBXGroup section */
		3F352894196B2BDC006E10C6 = {
			isa = PBXGroup;
			children = (
				3F3528A7196B2BDC006E10C6 /* VerdigrisCocoaGlue */,
				3F3528BC196B2BDC006E10C6 /* VerdigrisCocoaGlueTests */,
				3F3528A0196B2BDC006E10C6 /* Frameworks */,
				3F35289F196B2BDC006E10C6 /* Products */,
			);
			sourceTree = "<group>";
		};
		3F35289F196B2BDC006E10C6 /* Products */ = {
			isa = PBXGroup;
			children = (
				3F35289E196B2BDC006E10C6 /* VerdigrisCocoaGlue.framework */,
				3F3528B5196B2BDC006E10C6 /* VerdigrisCocoaGlueTests.xctest */,
			);
			name = Products;
			sourceTree = "<group>";
		};
		3F3528A0196B2BDC006E10C6 /* Frameworks */ = {
			isa = PBXGroup;
			children = (
				3F3528A1196B2BDC006E10C6 /* Cocoa.framework */,
				3F3528B6196B2BDC006E10C6 /* XCTest.framework */,
				3F3528A3196B2BDC006E10C6 /* Other Frameworks */,
			);
			name = Frameworks;
			sourceTree = "<group>";
		};
		3F3528A3196B2BDC006E10C6 /* Other Frameworks */ = {
			isa = PBXGroup;
			children = (
				3F3528A4196B2BDC006E10C6 /* Foundation.framework */,
				3F3528A5196B2BDC006E10C6 /* CoreData.framework */,
				3F3528A6196B2BDC006E10C6 /* AppKit.framework */,
			);
			name = "Other Frameworks";
			sourceTree = "<group>";
		};
		3F3528A7196B2BDC006E10C6 /* VerdigrisCocoaGlue */ = {
			isa = PBXGroup;
			children = (
				3F3528AE196B2BDC006E10C6 /* VerdigrisCocoaGlue.h */,
				3F3528AF196B2BDC006E10C6 /* VerdigrisCocoaGlue.m */,
				3F3528A8196B2BDC006E10C6 /* Supporting Files */,
				3F3528CC196B2C71006E10C6 /* VEWindow.h */,
				3F3528CD196B2C71006E10C6 /* VEWindow.m */,
				3F3528D0196B364F006E10C6 /* VEWindowHandler.h */,
				3F3528D1196B364F006E10C6 /* VEWindowHandler.m */,
			);
			path = VerdigrisCocoaGlue;
			sourceTree = "<group>";
		};
		3F3528A8196B2BDC006E10C6 /* Supporting Files */ = {
			isa = PBXGroup;
			children = (
				3F3528A9196B2BDC006E10C6 /* VerdigrisCocoaGlue-Info.plist */,
				3F3528AA196B2BDC006E10C6 /* InfoPlist.strings */,
				3F3528AD196B2BDC006E10C6 /* VerdigrisCocoaGlue-Prefix.pch */,
			);
			name = "Supporting Files";
			sourceTree = "<group>";
		};
		3F3528BC196B2BDC006E10C6 /* VerdigrisCocoaGlueTests */ = {
			isa = PBXGroup;
			children = (
				3F3528C2196B2BDC006E10C6 /* VerdigrisCocoaGlueTests.m */,
				3F3528BD196B2BDC006E10C6 /* Supporting Files */,
			);
			path = VerdigrisCocoaGlueTests;
			sourceTree = "<group>";
		};
		3F3528BD196B2BDC006E10C6 /* Supporting Files */ = {
			isa = PBXGroup;
			children = (
				3F3528BE196B2BDC006E10C6 /* VerdigrisCocoaGlueTests-Info.plist */,
				3F3528BF196B2BDC006E10C6 /* InfoPlist.strings */,
			);
			name = "Supporting Files";
			sourceTree = "<group>";
		};
/* End PBXGroup section */

/* Begin PBXHeadersBuildPhase section */
		3F35289B196B2BDC006E10C6 /* Headers */ = {
			isa = PBXHeadersBuildPhase;
			buildActionMask = 2147483647;
			files = (
				3F3528D2196B364F006E10C6 /* VEWindowHandler.h in Headers */,
				3F3528CE196B2C71006E10C6 /* VEWindow.h in Headers */,
			);
			runOnlyForDeploymentPostprocessing = 0;
		};
/* End PBXHeadersBuildPhase section */

/* Begin PBXNativeTarget section */
		3F35289D196B2BDC006E10C6 /* VerdigrisCocoaGlue */ = {
			isa = PBXNativeTarget;
			buildConfigurationList = 3F3528C6196B2BDC006E10C6 /* Build configuration list for PBXNativeTarget "VerdigrisCocoaGlue" */;
			buildPhases = (
				3F352899196B2BDC006E10C6 /* Sources */,
				3F35289A196B2BDC006E10C6 /* Frameworks */,
				3F35289B196B2BDC006E10C6 /* Headers */,
				3F35289C196B2BDC006E10C6 /* Resources */,
			);
			buildRules = (
			);
			dependencies = (
			);
			name = VerdigrisCocoaGlue;
			productName = VerdigrisCocoaGlue;
			productReference = 3F35289E196B2BDC006E10C6 /* VerdigrisCocoaGlue.framework */;
			productType = "com.apple.product-type.framework";
		};
		3F3528B4196B2BDC006E10C6 /* VerdigrisCocoaGlueTests */ = {
			isa = PBXNativeTarget;
			buildConfigurationList = 3F3528C9196B2BDC006E10C6 /* Build configuration list for PBXNativeTarget "VerdigrisCocoaGlueTests" */;
			buildPhases = (
				3F3528B1196B2BDC006E10C6 /* Sources */,
				3F3528B2196B2BDC006E10C6 /* Frameworks */,
				3F3528B3196B2BDC006E10C6 /* Resources */,
			);
			buildRules = (
			);
			dependencies = (
				3F3528BA196B2BDC006E10C6 /* PBXTargetDependency */,
			);
			name = VerdigrisCocoaGlueTests;
			productName = VerdigrisCocoaGlueTests;
			productReference = 3F3528B5196B2BDC006E10C6 /* VerdigrisCocoaGlueTests.xctest */;
			productType = "com.apple.product-type.bundle.unit-test";
		};
/* End PBXNativeTarget section */

/* Begin PBXProject section */
		3F352895196B2BDC006E10C6 /* Project object */ = {
			isa = PBXProject;
			attributes = {
				LastUpgradeCheck = 0510;
				ORGANIZATIONNAME = libverdigris;
				TargetAttributes = {
					3F3528B4196B2BDC006E10C6 = {
						TestTargetID = 3F35289D196B2BDC006E10C6;
					};
				};
			};
			buildConfigurationList = 3F352898196B2BDC006E10C6 /* Build configuration list for PBXProject "VerdigrisCocoaGlue" */;
			compatibilityVersion = "Xcode 3.2";
			developmentRegion = English;
			hasScannedForEncodings = 0;
			knownRegions = (
				en,
			);
			mainGroup = 3F352894196B2BDC006E10C6;
			productRefGroup = 3F35289F196B2BDC006E10C6 /* Products */;
			projectDirPath = "";
			projectRoot = "";
			targets = (
				3F35289D196B2BDC006E10C6 /* VerdigrisCocoaGlue */,
				3F3528B4196B2BDC006E10C6 /* VerdigrisCocoaGlueTests */,
			);
		};
/* End PBXProject section */

/* Begin PBXResourcesBuildPhase section */
		3F35289C196B2BDC006E10C6 /* Resources */ = {
			isa = PBXResourcesBuildPhase;
			buildActionMask = 2147483647;
			files = (
				3F3528AC196B2BDC006E10C6 /* InfoPlist.strings in Resources */,
			);
			runOnlyForDeploymentPostprocessing = 0;
		};
		3F3528B3196B2BDC006E10C6 /* Resources */ = {
			isa = PBXResourcesBuildPhase;
			buildActionMask = 2147483647;
			files = (
				3F3528C1196B2BDC006E10C6 /* InfoPlist.strings in Resources */,
			);
			runOnlyForDeploymentPostprocessing = 0;
		};
/* End PBXResourcesBuildPhase section */

/* Begin PBXSourcesBuildPhase section */
		3F352899196B2BDC006E10C6 /* Sources */ = {
			isa = PBXSourcesBuildPhase;
			buildActionMask = 2147483647;
			files = (
				3F3528CF196B2C71006E10C6 /* VEWindow.m in Sources */,
				3F3528B0196B2BDC006E10C6 /* VerdigrisCocoaGlue.m in Sources */,
				3F3528D3196B364F006E10C6 /* VEWindowHandler.m in Sources */,
			);
			runOnlyForDeploymentPostprocessing = 0;
		};
		3F3528B1196B2BDC006E10C6 /* Sources */ = {
			isa = PBXSourcesBuildPhase;
			buildActionMask = 2147483647;
			files = (
				3F3528C3196B2BDC006E10C6 /* VerdigrisCocoaGlueTests.m in Sources */,
			);
			runOnlyForDeploymentPostprocessing = 0;
		};
/* End PBXSourcesBuildPhase section */

/* Begin PBXTargetDependency section */
		3F3528BA196B2BDC006E10C6 /* PBXTargetDependency */ = {
			isa = PBXTargetDependency;
			target = 3F35289D196B2BDC006E10C6 /* VerdigrisCocoaGlue */;
			targetProxy = 3F3528B9196B2BDC006E10C6 /* PBXContainerItemProxy */;
		};
/* End PBXTargetDependency section */

/* Begin PBXVariantGroup section */
		3F3528AA196B2BDC006E10C6 /* InfoPlist.strings */ = {
			isa = PBXVariantGroup;
			children = (
				3F3528AB196B2BDC006E10C6 /* en */,
			);
			name = InfoPlist.strings;
			sourceTree = "<group>";
		};
		3F3528BF196B2BDC006E10C6 /* InfoPlist.strings */ = {
			isa = PBXVariantGroup;
			children = (
				3F3528C0196B2BDC006E10C6 /* en */,
			);
			name = InfoPlist.strings;
			sourceTree = "<group>";
		};
/* End PBXVariantGroup section */

/* Begin XCBuildConfiguration section */
		3F3528C4196B2BDC006E10C6 /* Debug */ = {
			isa = XCBuildConfiguration;
			buildSettings = {
				ALWAYS_SEARCH_USER_PATHS = NO;
				CLANG_CXX_LANGUAGE_STANDARD = "gnu++0x";
				CLANG_CXX_LIBRARY = "libc++";
				CLANG_ENABLE_MODULES = YES;
				CLANG_ENABLE_OBJC_ARC = YES;
				CLANG_WARN_BOOL_CONVERSION = YES;
				CLANG_WARN_CONSTANT_CONVERSION = YES;
				CLANG_WARN_DIRECT_OBJC_ISA_USAGE = YES_ERROR;
				CLANG_WARN_EMPTY_BODY = YES;
				CLANG_WARN_ENUM_CONVERSION = YES;
				CLANG_WARN_INT_CONVERSION = YES;
				CLANG_WARN_OBJC_ROOT_CLASS = YES_ERROR;
				CLANG_WARN__DUPLICATE_METHOD_MATCH = YES;
				COPY_PHASE_STRIP = NO;
				GCC_C_LANGUAGE_STANDARD = gnu99;
				GCC_DYNAMIC_NO_PIC = NO;
				GCC_ENABLE_OBJC_EXCEPTIONS = YES;
				GCC_OPTIMIZATION_LEVEL = 0;
				GCC_PREPROCESSOR_DEFINITIONS = (
					"DEBUG=1",
					"$(inherited)",
				);
				GCC_SYMBOLS_PRIVATE_EXTERN = NO;
				GCC_WARN_64_TO_32_BIT_CONVERSION = YES;
				GCC_WARN_ABOUT_RETURN_TYPE = YES_ERROR;
				GCC_WARN_UNDECLARED_SELECTOR = YES;
				GCC_WARN_UNINITIALIZED_AUTOS = YES_AGGRESSIVE;
				GCC_WARN_UNUSED_FUNCTION = YES;
				GCC_WARN_UNUSED_VARIABLE = YES;
				MACOSX_DEPLOYMENT_TARGET = 10.9;
				ONLY_ACTIVE_ARCH = YES;
				SDKROOT = macosx;
			};
			name = Debug;
		};
		3F3528C5196B2BDC006E10C6 /* Release */ = {
			isa = XCBuildConfiguration;
			buildSettings = {
				ALWAYS_SEARCH_USER_PATHS = NO;
				CLANG_CXX_LANGUAGE_STANDARD = "gnu++0x";
				CLANG_CXX_LIBRARY = "libc++";
				CLANG_ENABLE_MODULES = YES;
				CLANG_ENABLE_OBJC_ARC = YES;
				CLANG_WARN_BOOL_CONVERSION = YES;
				CLANG_WARN_CONSTANT_CONVERSION = YES;
				CLANG_WARN_DIRECT_OBJC_ISA_USAGE = YES_ERROR;
				CLANG_WARN_EMPTY_BODY = YES;
				CLANG_WARN_ENUM_CONVERSION = YES;
				CLANG_WARN_INT_CONVERSION = YES;
				CLANG_WARN_OBJC_ROOT_CLASS = YES_ERROR;
				CLANG_WARN__DUPLICATE_METHOD_MATCH = YES;
				COPY_PHASE_STRIP = YES;
				DEBUG_INFORMATION_FORMAT = "dwarf-with-dsym";
				ENABLE_NS_ASSERTIONS = NO;
				GCC_C_LANGUAGE_STANDARD = gnu99;
				GCC_ENABLE_OBJC_EXCEPTIONS = YES;
				GCC_WARN_64_TO_32_BIT_CONVERSION = YES;
				GCC_WARN_ABOUT_RETURN_TYPE = YES_ERROR;
				GCC_WARN_UNDECLARED_SELECTOR = YES;
				GCC_WARN_UNINITIALIZED_AUTOS = YES_AGGRESSIVE;
				GCC_WARN_UNUSED_FUNCTION = YES;
				GCC_WARN_UNUSED_VARIABLE = YES;
				MACOSX_DEPLOYMENT_TARGET = 10.9;
				SDKROOT = macosx;
			};
			name = Release;
		};
		3F3528C7196B2BDC006E10C6 /* Debug */ = {
			isa = XCBuildConfiguration;
			buildSettings = {
				COMBINE_HIDPI_IMAGES = YES;
				DYLIB_COMPATIBILITY_VERSION = 1;
				DYLIB_CURRENT_VERSION = 1;
				FRAMEWORK_VERSION = A;
				GCC_PRECOMPILE_PREFIX_HEADER = YES;
				GCC_PREFIX_HEADER = "VerdigrisCocoaGlue/VerdigrisCocoaGlue-Prefix.pch";
				INFOPLIST_FILE = "VerdigrisCocoaGlue/VerdigrisCocoaGlue-Info.plist";
				PRODUCT_NAME = "$(TARGET_NAME)";
				WRAPPER_EXTENSION = framework;
			};
			name = Debug;
		};
		3F3528C8196B2BDC006E10C6 /* Release */ = {
			isa = XCBuildConfiguration;
			buildSettings = {
				COMBINE_HIDPI_IMAGES = YES;
				DYLIB_COMPATIBILITY_VERSION = 1;
				DYLIB_CURRENT_VERSION = 1;
				FRAMEWORK_VERSION = A;
				GCC_PRECOMPILE_PREFIX_HEADER = YES;
				GCC_PREFIX_HEADER = "VerdigrisCocoaGlue/VerdigrisCocoaGlue-Prefix.pch";
				INFOPLIST_FILE = "VerdigrisCocoaGlue/VerdigrisCocoaGlue-Info.plist";
				PRODUCT_NAME = "$(TARGET_NAME)";
				WRAPPER_EXTENSION = framework;
			};
			name = Release;
		};
		3F3528CA196B2BDC006E10C6 /* Debug */ = {
			isa = XCBuildConfiguration;
			buildSettings = {
				BUNDLE_LOADER = "$(BUILT_PRODUCTS_DIR)/VerdigrisCocoaGlue.framework/Versions/A/VerdigrisCocoaGlue";
				COMBINE_HIDPI_IMAGES = YES;
				FRAMEWORK_SEARCH_PATHS = (
					"$(DEVELOPER_FRAMEWORKS_DIR)",
					"$(inherited)",
				);
				GCC_PRECOMPILE_PREFIX_HEADER = YES;
				GCC_PREFIX_HEADER = "VerdigrisCocoaGlue/VerdigrisCocoaGlue-Prefix.pch";
				GCC_PREPROCESSOR_DEFINITIONS = (
					"DEBUG=1",
					"$(inherited)",
				);
				INFOPLIST_FILE = "VerdigrisCocoaGlueTests/VerdigrisCocoaGlueTests-Info.plist";
				PRODUCT_NAME = "$(TARGET_NAME)";
				TEST_HOST = "$(BUNDLE_LOADER)";
				WRAPPER_EXTENSION = xctest;
			};
			name = Debug;
		};
		3F3528CB196B2BDC006E10C6 /* Release */ = {
			isa = XCBuildConfiguration;
			buildSettings = {
				BUNDLE_LOADER = "$(BUILT_PRODUCTS_DIR)/VerdigrisCocoaGlue.framework/Versions/A/VerdigrisCocoaGlue";
				COMBINE_HIDPI_IMAGES = YES;
				FRAMEWORK_SEARCH_PATHS = (
					"$(DEVELOPER_FRAMEWORKS_DIR)",
					"$(inherited)",
				);
				GCC_PRECOMPILE_PREFIX_HEADER = YES;
				GCC_PREFIX_HEADER = "VerdigrisCocoaGlue/VerdigrisCocoaGlue-Prefix.pch";
				INFOPLIST_FILE = "VerdigrisCocoaGlueTests/VerdigrisCocoaGlueTests-Info.plist";
				PRODUCT_NAME = "$(TARGET_NAME)";
				TEST_HOST = "$(BUNDLE_LOADER)";
				WRAPPER_EXTENSION = xctest;
			};
			name = Release;
		};
/* End XCBuildConfiguration section */

/* Begin XCConfigurationList section */
		3F352898196B2BDC006E10C6 /* Build configuration list for PBXProject "VerdigrisCocoaGlue" */ = {
			isa = XCConfigurationList;
			buildConfigurations = (
				3F3528C4196B2BDC006E10C6 /* Debug */,
				3F3528C5196B2BDC006E10C6 /* Release */,
			);
			defaultConfigurationIsVisible = 0;
			defaultConfigurationName = Release;
		};
		3F3528C6196B2BDC006E10C6 /* Build configuration list for PBXNativeTarget "VerdigrisCocoaGlue" */ = {
			isa = XCConfigurationList;
			buildConfigurations = (
				3F3528C7196B2BDC006E10C6 /* Debug */,
				3F3528C8196B2BDC006E10C6 /* Release */,
			);
			defaultConfigurationIsVisible = 0;
		};
		3F3528C9196B2BDC006E10C6 /* Build configuration list for PBXNativeTarget "VerdigrisCocoaGlueTests" */ = {
			isa = XCConfigurationList;
			buildConfigurations = (
				3F3528CA196B2BDC006E10C6 /* Debug */,
				3F3528CB196B2BDC006E10C6 /* Release */,
			);
			defaultConfigurationIsVisible = 0;
		};
/* End XCConfigurationList section */
	};
	rootObject = 3F352895196B2BDC006E10C6 /* Project object */;
}
